PODS:
  - Alamofire (3.2.0)
  - KHAForm (0.2.3)
  - ObjectMapper (1.1.5)
  - SwiftyJSON (2.3.2)

DEPENDENCIES:
  - Alamofire
  - KHAForm
  - ObjectMapper
  - SwiftyJSON

SPEC CHECKSUMS:
  Alamofire: 4da478599fccddff361205c8929333d7fe18dceb
  KHAForm: 069a0bc0f3fc90ea6991b036935e10a9de0209eb
  ObjectMapper: 528b1a6677a6acac7747edd508576983e76a9148
  SwiftyJSON: 04ccea08915aa0109039157c7974cf0298da292a

COCOAPODS: 0.39.0
